<?xml version="1.0" encoding="UTF-8"?>
<Project ToolsVersion="12.0" xmlns="http://schemas.microsoft.com/developer/msbuild/2003">
  <ItemGroup>
    <ClCompile Include="C:\Users\Tinku\Compilers2015\src\scanner\FiniteStateAutomaton.cpp">
      <Filter>Sources</Filter>
    </ClCompile>
    <ClCompile Include="C:\Users\Tinku\Compilers2015\src\scanner\Lexeme.cpp">
      <Filter>Sources</Filter>
    </ClCompile>
    <ClCompile Include="C:\Users\Tinku\Compilers2015\src\scanner\Scanner.cpp">
      <Filter>Sources</Filter>
    </ClCompile>
    <ClCompile Include="C:\Users\Tinku\Compilers2015\src\scanner\Token.cpp">
      <Filter>Sources</Filter>
    </ClCompile>
    <ClCompile Include="C:\Users\Tinku\Compilers2015\src\scanner\TokenStream.cpp">
      <Filter>Sources</Filter>
    </ClCompile>
  </ItemGroup>
  <ItemGroup>
    <ClInclude Include="C:\Users\Tinku\Compilers2015\src\scanner\FiniteStateAutomaton.h">
      <Filter>Headers</Filter>
    </ClInclude>
    <ClInclude Include="C:\Users\Tinku\Compilers2015\src\scanner\Lexeme.h">
      <Filter>Headers</Filter>
    </ClInclude>
    <ClInclude Include="C:\Users\Tinku\Compilers2015\src\scanner\Resources.h">
      <Filter>Headers</Filter>
    </ClInclude>
    <ClInclude Include="C:\Users\Tinku\Compilers2015\src\scanner\Scanner.h">
      <Filter>Headers</Filter>
    </ClInclude>
    <ClInclude Include="C:\Users\Tinku\Compilers2015\src\scanner\Token.h">
      <Filter>Headers</Filter>
    </ClInclude>
    <ClInclude Include="C:\Users\Tinku\Compilers2015\src\scanner\TokenStream.h">
      <Filter>Headers</Filter>
    </ClInclude>
  </ItemGroup>
  <ItemGroup>
    <CustomBuild Include="C:\Users\Tinku\Compilers2015\src\scanner\CMakeLists.txt" />
  </ItemGroup>
  <ItemGroup>
    <Filter Include="Headers">
      <UniqueIdentifier>{3F513AD5-E57E-4956-9DE4-D17C7C612D1B}</UniqueIdentifier>
    </Filter>
    <Filter Include="Sources">
      <UniqueIdentifier>{A99BD522-399D-4AD5-8E31-6250A7846A71}</UniqueIdentifier>
    </Filter>
  </ItemGroup>
</Project>
