Microsoft Visual Studio Solution File, Format Version 12.00
# Visual Studio 2012
Project("{8BC9CEB8-8B4A-11D0-8D11-00A0C91BC942}") = "ALL_BUILD", "ALL_BUILD.vcxproj", "{0E5A8927-5C19-4030-B222-D042D703C794}"
	ProjectSection(ProjectDependencies) = postProject
		{25B55853-ED4A-4B50-AFCA-B716C9955BC3} = {25B55853-ED4A-4B50-AFCA-B716C9955BC3}
		{CAB1FD36-7EF0-4BD9-9AAD-A4CF71890F36} = {CAB1FD36-7EF0-4BD9-9AAD-A4CF71890F36}
		{12AEFA14-7996-4F41-9B8E-EC251B3A8148} = {12AEFA14-7996-4F41-9B8E-EC251B3A8148}
		{15439699-2C0A-4A51-A007-3B824B0B9496} = {15439699-2C0A-4A51-A007-3B824B0B9496}
		{2C757C84-32D6-49D7-8E71-C9913C52FBE5} = {2C757C84-32D6-49D7-8E71-C9913C52FBE5}
	EndProjectSection
EndProject
Project("{8BC9CEB8-8B4A-11D0-8D11-00A0C91BC942}") = "INSTALL", "INSTALL.vcxproj", "{AAD34868-1ED8-4A3B-9033-5717DCFA29EB}"
	ProjectSection(ProjectDependencies) = postProject
		{0E5A8927-5C19-4030-B222-D042D703C794} = {0E5A8927-5C19-4030-B222-D042D703C794}
	EndProjectSection
EndProject
Project("{8BC9CEB8-8B4A-11D0-8D11-00A0C91BC942}") = "ZERO_CHECK", "ZERO_CHECK.vcxproj", "{25B55853-ED4A-4B50-AFCA-B716C9955BC3}"
EndProject
Project("{8BC9CEB8-8B4A-11D0-8D11-00A0C91BC942}") = "mp", "mp.vcxproj", "{CAB1FD36-7EF0-4BD9-9AAD-A4CF71890F36}"
	ProjectSection(ProjectDependencies) = postProject
		{25B55853-ED4A-4B50-AFCA-B716C9955BC3} = {25B55853-ED4A-4B50-AFCA-B716C9955BC3}
		{12AEFA14-7996-4F41-9B8E-EC251B3A8148} = {12AEFA14-7996-4F41-9B8E-EC251B3A8148}
		{15439699-2C0A-4A51-A007-3B824B0B9496} = {15439699-2C0A-4A51-A007-3B824B0B9496}
	EndProjectSection
EndProject
Project("{8BC9CEB8-8B4A-11D0-8D11-00A0C91BC942}") = "mpparser", "parser\mpparser.vcxproj", "{12AEFA14-7996-4F41-9B8E-EC251B3A8148}"
	ProjectSection(ProjectDependencies) = postProject
		{25B55853-ED4A-4B50-AFCA-B716C9955BC3} = {25B55853-ED4A-4B50-AFCA-B716C9955BC3}
	EndProjectSection
EndProject
Project("{8BC9CEB8-8B4A-11D0-8D11-00A0C91BC942}") = "mpscanner", "scanner\mpscanner.vcxproj", "{15439699-2C0A-4A51-A007-3B824B0B9496}"
	ProjectSection(ProjectDependencies) = postProject
		{25B55853-ED4A-4B50-AFCA-B716C9955BC3} = {25B55853-ED4A-4B50-AFCA-B716C9955BC3}
	EndProjectSection
EndProject
Project("{8BC9CEB8-8B4A-11D0-8D11-00A0C91BC942}") = "testmp", "scanner\TestScanner\testmp.vcxproj", "{2C757C84-32D6-49D7-8E71-C9913C52FBE5}"
	ProjectSection(ProjectDependencies) = postProject
		{25B55853-ED4A-4B50-AFCA-B716C9955BC3} = {25B55853-ED4A-4B50-AFCA-B716C9955BC3}
	EndProjectSection
EndProject
Project("{F088123C-0E9E-452A-89E6-6BA2F21D5CAC}") = "scanneruml", "scanneruml\scanneruml.modelproj", "{E7862FEA-F8E8-4F43-A7D6-A752C9BE1137}"
EndProject
Global
	GlobalSection(SolutionConfigurationPlatforms) = preSolution
		Debug|Any CPU = Debug|Any CPU
		Debug|Mixed Platforms = Debug|Mixed Platforms
		Debug|x64 = Debug|x64
		MinSizeRel|Any CPU = MinSizeRel|Any CPU
		MinSizeRel|Mixed Platforms = MinSizeRel|Mixed Platforms
		MinSizeRel|x64 = MinSizeRel|x64
		Release|Any CPU = Release|Any CPU
		Release|Mixed Platforms = Release|Mixed Platforms
		Release|x64 = Release|x64
		RelWithDebInfo|Any CPU = RelWithDebInfo|Any CPU
		RelWithDebInfo|Mixed Platforms = RelWithDebInfo|Mixed Platforms
		RelWithDebInfo|x64 = RelWithDebInfo|x64
	EndGlobalSection
	GlobalSection(ProjectConfigurationPlatforms) = postSolution
		{0E5A8927-5C19-4030-B222-D042D703C794}.Debug|Any CPU.ActiveCfg = Debug|x64
		{0E5A8927-5C19-4030-B222-D042D703C794}.Debug|Mixed Platforms.ActiveCfg = Debug|x64
		{0E5A8927-5C19-4030-B222-D042D703C794}.Debug|Mixed Platforms.Build.0 = Debug|x64
		{0E5A8927-5C19-4030-B222-D042D703C794}.Debug|x64.ActiveCfg = Debug|x64
		{0E5A8927-5C19-4030-B222-D042D703C794}.Debug|x64.Build.0 = Debug|x64
		{0E5A8927-5C19-4030-B222-D042D703C794}.MinSizeRel|Any CPU.ActiveCfg = MinSizeRel|x64
		{0E5A8927-5C19-4030-B222-D042D703C794}.MinSizeRel|Mixed Platforms.ActiveCfg = MinSizeRel|x64
		{0E5A8927-5C19-4030-B222-D042D703C794}.MinSizeRel|Mixed Platforms.Build.0 = MinSizeRel|x64
		{0E5A8927-5C19-4030-B222-D042D703C794}.MinSizeRel|x64.ActiveCfg = MinSizeRel|x64
		{0E5A8927-5C19-4030-B222-D042D703C794}.MinSizeRel|x64.Build.0 = MinSizeRel|x64
		{0E5A8927-5C19-4030-B222-D042D703C794}.Release|Any CPU.ActiveCfg = Release|x64
		{0E5A8927-5C19-4030-B222-D042D703C794}.Release|Mixed Platforms.ActiveCfg = Release|x64
		{0E5A8927-5C19-4030-B222-D042D703C794}.Release|Mixed Platforms.Build.0 = Release|x64
		{0E5A8927-5C19-4030-B222-D042D703C794}.Release|x64.ActiveCfg = Release|x64
		{0E5A8927-5C19-4030-B222-D042D703C794}.Release|x64.Build.0 = Release|x64
		{0E5A8927-5C19-4030-B222-D042D703C794}.RelWithDebInfo|Any CPU.ActiveCfg = RelWithDebInfo|x64
		{0E5A8927-5C19-4030-B222-D042D703C794}.RelWithDebInfo|Mixed Platforms.ActiveCfg = RelWithDebInfo|x64
		{0E5A8927-5C19-4030-B222-D042D703C794}.RelWithDebInfo|Mixed Platforms.Build.0 = RelWithDebInfo|x64
		{0E5A8927-5C19-4030-B222-D042D703C794}.RelWithDebInfo|x64.ActiveCfg = RelWithDebInfo|x64
		{0E5A8927-5C19-4030-B222-D042D703C794}.RelWithDebInfo|x64.Build.0 = RelWithDebInfo|x64
		{AAD34868-1ED8-4A3B-9033-5717DCFA29EB}.Debug|Any CPU.ActiveCfg = Debug|x64
		{AAD34868-1ED8-4A3B-9033-5717DCFA29EB}.Debug|Mixed Platforms.ActiveCfg = Debug|x64
		{AAD34868-1ED8-4A3B-9033-5717DCFA29EB}.Debug|Mixed Platforms.Build.0 = Debug|x64
		{AAD34868-1ED8-4A3B-9033-5717DCFA29EB}.Debug|x64.ActiveCfg = Debug|x64
		{AAD34868-1ED8-4A3B-9033-5717DCFA29EB}.MinSizeRel|Any CPU.ActiveCfg = MinSizeRel|x64
		{AAD34868-1ED8-4A3B-9033-5717DCFA29EB}.MinSizeRel|Mixed Platforms.ActiveCfg = MinSizeRel|x64
		{AAD34868-1ED8-4A3B-9033-5717DCFA29EB}.MinSizeRel|Mixed Platforms.Build.0 = MinSizeRel|x64
		{AAD34868-1ED8-4A3B-9033-5717DCFA29EB}.MinSizeRel|x64.ActiveCfg = MinSizeRel|x64
		{AAD34868-1ED8-4A3B-9033-5717DCFA29EB}.Release|Any CPU.ActiveCfg = Release|x64
		{AAD34868-1ED8-4A3B-9033-5717DCFA29EB}.Release|Mixed Platforms.ActiveCfg = Release|x64
		{AAD34868-1ED8-4A3B-9033-5717DCFA29EB}.Release|Mixed Platforms.Build.0 = Release|x64
		{AAD34868-1ED8-4A3B-9033-5717DCFA29EB}.Release|x64.ActiveCfg = Release|x64
		{AAD34868-1ED8-4A3B-9033-5717DCFA29EB}.RelWithDebInfo|Any CPU.ActiveCfg = RelWithDebInfo|x64
		{AAD34868-1ED8-4A3B-9033-5717DCFA29EB}.RelWithDebInfo|Mixed Platforms.ActiveCfg = RelWithDebInfo|x64
		{AAD34868-1ED8-4A3B-9033-5717DCFA29EB}.RelWithDebInfo|Mixed Platforms.Build.0 = RelWithDebInfo|x64
		{AAD34868-1ED8-4A3B-9033-5717DCFA29EB}.RelWithDebInfo|x64.ActiveCfg = RelWithDebInfo|x64
		{25B55853-ED4A-4B50-AFCA-B716C9955BC3}.Debug|Any CPU.ActiveCfg = Debug|x64
		{25B55853-ED4A-4B50-AFCA-B716C9955BC3}.Debug|Mixed Platforms.ActiveCfg = Debug|x64
		{25B55853-ED4A-4B50-AFCA-B716C9955BC3}.Debug|Mixed Platforms.Build.0 = Debug|x64
		{25B55853-ED4A-4B50-AFCA-B716C9955BC3}.Debug|x64.ActiveCfg = Debug|x64
		{25B55853-ED4A-4B50-AFCA-B716C9955BC3}.Debug|x64.Build.0 = Debug|x64
		{25B55853-ED4A-4B50-AFCA-B716C9955BC3}.MinSizeRel|Any CPU.ActiveCfg = MinSizeRel|x64
		{25B55853-ED4A-4B50-AFCA-B716C9955BC3}.MinSizeRel|Mixed Platforms.ActiveCfg = MinSizeRel|x64
		{25B55853-ED4A-4B50-AFCA-B716C9955BC3}.MinSizeRel|Mixed Platforms.Build.0 = MinSizeRel|x64
		{25B55853-ED4A-4B50-AFCA-B716C9955BC3}.MinSizeRel|x64.ActiveCfg = MinSizeRel|x64
		{25B55853-ED4A-4B50-AFCA-B716C9955BC3}.MinSizeRel|x64.Build.0 = MinSizeRel|x64
		{25B55853-ED4A-4B50-AFCA-B716C9955BC3}.Release|Any CPU.ActiveCfg = Release|x64
		{25B55853-ED4A-4B50-AFCA-B716C9955BC3}.Release|Mixed Platforms.ActiveCfg = Release|x64
		{25B55853-ED4A-4B50-AFCA-B716C9955BC3}.Release|Mixed Platforms.Build.0 = Release|x64
		{25B55853-ED4A-4B50-AFCA-B716C9955BC3}.Release|x64.ActiveCfg = Release|x64
		{25B55853-ED4A-4B50-AFCA-B716C9955BC3}.Release|x64.Build.0 = Release|x64
		{25B55853-ED4A-4B50-AFCA-B716C9955BC3}.RelWithDebInfo|Any CPU.ActiveCfg = RelWithDebInfo|x64
		{25B55853-ED4A-4B50-AFCA-B716C9955BC3}.RelWithDebInfo|Mixed Platforms.ActiveCfg = RelWithDebInfo|x64
		{25B55853-ED4A-4B50-AFCA-B716C9955BC3}.RelWithDebInfo|Mixed Platforms.Build.0 = RelWithDebInfo|x64
		{25B55853-ED4A-4B50-AFCA-B716C9955BC3}.RelWithDebInfo|x64.ActiveCfg = RelWithDebInfo|x64
		{25B55853-ED4A-4B50-AFCA-B716C9955BC3}.RelWithDebInfo|x64.Build.0 = RelWithDebInfo|x64
		{CAB1FD36-7EF0-4BD9-9AAD-A4CF71890F36}.Debug|Any CPU.ActiveCfg = Debug|x64
		{CAB1FD36-7EF0-4BD9-9AAD-A4CF71890F36}.Debug|Mixed Platforms.ActiveCfg = Debug|x64
		{CAB1FD36-7EF0-4BD9-9AAD-A4CF71890F36}.Debug|Mixed Platforms.Build.0 = Debug|x64
		{CAB1FD36-7EF0-4BD9-9AAD-A4CF71890F36}.Debug|x64.ActiveCfg = Debug|x64
		{CAB1FD36-7EF0-4BD9-9AAD-A4CF71890F36}.Debug|x64.Build.0 = Debug|x64
		{CAB1FD36-7EF0-4BD9-9AAD-A4CF71890F36}.MinSizeRel|Any CPU.ActiveCfg = MinSizeRel|x64
		{CAB1FD36-7EF0-4BD9-9AAD-A4CF71890F36}.MinSizeRel|Mixed Platforms.ActiveCfg = MinSizeRel|x64
		{CAB1FD36-7EF0-4BD9-9AAD-A4CF71890F36}.MinSizeRel|Mixed Platforms.Build.0 = MinSizeRel|x64
		{CAB1FD36-7EF0-4BD9-9AAD-A4CF71890F36}.MinSizeRel|x64.ActiveCfg = MinSizeRel|x64
		{CAB1FD36-7EF0-4BD9-9AAD-A4CF71890F36}.MinSizeRel|x64.Build.0 = MinSizeRel|x64
		{CAB1FD36-7EF0-4BD9-9AAD-A4CF71890F36}.Release|Any CPU.ActiveCfg = Release|x64
		{CAB1FD36-7EF0-4BD9-9AAD-A4CF71890F36}.Release|Mixed Platforms.ActiveCfg = Release|x64
		{CAB1FD36-7EF0-4BD9-9AAD-A4CF71890F36}.Release|Mixed Platforms.Build.0 = Release|x64
		{CAB1FD36-7EF0-4BD9-9AAD-A4CF71890F36}.Release|x64.ActiveCfg = Release|x64
		{CAB1FD36-7EF0-4BD9-9AAD-A4CF71890F36}.Release|x64.Build.0 = Release|x64
		{CAB1FD36-7EF0-4BD9-9AAD-A4CF71890F36}.RelWithDebInfo|Any CPU.ActiveCfg = RelWithDebInfo|x64
		{CAB1FD36-7EF0-4BD9-9AAD-A4CF71890F36}.RelWithDebInfo|Mixed Platforms.ActiveCfg = RelWithDebInfo|x64
		{CAB1FD36-7EF0-4BD9-9AAD-A4CF71890F36}.RelWithDebInfo|Mixed Platforms.Build.0 = RelWithDebInfo|x64
		{CAB1FD36-7EF0-4BD9-9AAD-A4CF71890F36}.RelWithDebInfo|x64.ActiveCfg = RelWithDebInfo|x64
		{CAB1FD36-7EF0-4BD9-9AAD-A4CF71890F36}.RelWithDebInfo|x64.Build.0 = RelWithDebInfo|x64
		{12AEFA14-7996-4F41-9B8E-EC251B3A8148}.Debug|Any CPU.ActiveCfg = Debug|x64
		{12AEFA14-7996-4F41-9B8E-EC251B3A8148}.Debug|Mixed Platforms.ActiveCfg = Debug|x64
		{12AEFA14-7996-4F41-9B8E-EC251B3A8148}.Debug|Mixed Platforms.Build.0 = Debug|x64
		{12AEFA14-7996-4F41-9B8E-EC251B3A8148}.Debug|x64.ActiveCfg = Debug|x64
		{12AEFA14-7996-4F41-9B8E-EC251B3A8148}.Debug|x64.Build.0 = Debug|x64
		{12AEFA14-7996-4F41-9B8E-EC251B3A8148}.MinSizeRel|Any CPU.ActiveCfg = MinSizeRel|x64
		{12AEFA14-7996-4F41-9B8E-EC251B3A8148}.MinSizeRel|Mixed Platforms.ActiveCfg = MinSizeRel|x64
		{12AEFA14-7996-4F41-9B8E-EC251B3A8148}.MinSizeRel|Mixed Platforms.Build.0 = MinSizeRel|x64
		{12AEFA14-7996-4F41-9B8E-EC251B3A8148}.MinSizeRel|x64.ActiveCfg = MinSizeRel|x64
		{12AEFA14-7996-4F41-9B8E-EC251B3A8148}.MinSizeRel|x64.Build.0 = MinSizeRel|x64
		{12AEFA14-7996-4F41-9B8E-EC251B3A8148}.Release|Any CPU.ActiveCfg = Release|x64
		{12AEFA14-7996-4F41-9B8E-EC251B3A8148}.Release|Mixed Platforms.ActiveCfg = Release|x64
		{12AEFA14-7996-4F41-9B8E-EC251B3A8148}.Release|Mixed Platforms.Build.0 = Release|x64
		{12AEFA14-7996-4F41-9B8E-EC251B3A8148}.Release|x64.ActiveCfg = Release|x64
		{12AEFA14-7996-4F41-9B8E-EC251B3A8148}.Release|x64.Build.0 = Release|x64
		{12AEFA14-7996-4F41-9B8E-EC251B3A8148}.RelWithDebInfo|Any CPU.ActiveCfg = RelWithDebInfo|x64
		{12AEFA14-7996-4F41-9B8E-EC251B3A8148}.RelWithDebInfo|Mixed Platforms.ActiveCfg = RelWithDebInfo|x64
		{12AEFA14-7996-4F41-9B8E-EC251B3A8148}.RelWithDebInfo|Mixed Platforms.Build.0 = RelWithDebInfo|x64
		{12AEFA14-7996-4F41-9B8E-EC251B3A8148}.RelWithDebInfo|x64.ActiveCfg = RelWithDebInfo|x64
		{12AEFA14-7996-4F41-9B8E-EC251B3A8148}.RelWithDebInfo|x64.Build.0 = RelWithDebInfo|x64
		{15439699-2C0A-4A51-A007-3B824B0B9496}.Debug|Any CPU.ActiveCfg = Debug|x64
		{15439699-2C0A-4A51-A007-3B824B0B9496}.Debug|Mixed Platforms.ActiveCfg = Debug|x64
		{15439699-2C0A-4A51-A007-3B824B0B9496}.Debug|Mixed Platforms.Build.0 = Debug|x64
		{15439699-2C0A-4A51-A007-3B824B0B9496}.Debug|x64.ActiveCfg = Debug|x64
		{15439699-2C0A-4A51-A007-3B824B0B9496}.Debug|x64.Build.0 = Debug|x64
		{15439699-2C0A-4A51-A007-3B824B0B9496}.MinSizeRel|Any CPU.ActiveCfg = MinSizeRel|x64
		{15439699-2C0A-4A51-A007-3B824B0B9496}.MinSizeRel|Mixed Platforms.ActiveCfg = MinSizeRel|x64
		{15439699-2C0A-4A51-A007-3B824B0B9496}.MinSizeRel|Mixed Platforms.Build.0 = MinSizeRel|x64
		{15439699-2C0A-4A51-A007-3B824B0B9496}.MinSizeRel|x64.ActiveCfg = MinSizeRel|x64
		{15439699-2C0A-4A51-A007-3B824B0B9496}.MinSizeRel|x64.Build.0 = MinSizeRel|x64
		{15439699-2C0A-4A51-A007-3B824B0B9496}.Release|Any CPU.ActiveCfg = Release|x64
		{15439699-2C0A-4A51-A007-3B824B0B9496}.Release|Mixed Platforms.ActiveCfg = Release|x64
		{15439699-2C0A-4A51-A007-3B824B0B9496}.Release|Mixed Platforms.Build.0 = Release|x64
		{15439699-2C0A-4A51-A007-3B824B0B9496}.Release|x64.ActiveCfg = Release|x64
		{15439699-2C0A-4A51-A007-3B824B0B9496}.Release|x64.Build.0 = Release|x64
		{15439699-2C0A-4A51-A007-3B824B0B9496}.RelWithDebInfo|Any CPU.ActiveCfg = RelWithDebInfo|x64
		{15439699-2C0A-4A51-A007-3B824B0B9496}.RelWithDebInfo|Mixed Platforms.ActiveCfg = RelWithDebInfo|x64
		{15439699-2C0A-4A51-A007-3B824B0B9496}.RelWithDebInfo|Mixed Platforms.Build.0 = RelWithDebInfo|x64
		{15439699-2C0A-4A51-A007-3B824B0B9496}.RelWithDebInfo|x64.ActiveCfg = RelWithDebInfo|x64
		{15439699-2C0A-4A51-A007-3B824B0B9496}.RelWithDebInfo|x64.Build.0 = RelWithDebInfo|x64
		{2C757C84-32D6-49D7-8E71-C9913C52FBE5}.Debug|Any CPU.ActiveCfg = Debug|x64
		{2C757C84-32D6-49D7-8E71-C9913C52FBE5}.Debug|Mixed Platforms.ActiveCfg = Debug|x64
		{2C757C84-32D6-49D7-8E71-C9913C52FBE5}.Debug|Mixed Platforms.Build.0 = Debug|x64
		{2C757C84-32D6-49D7-8E71-C9913C52FBE5}.Debug|x64.ActiveCfg = Debug|x64
		{2C757C84-32D6-49D7-8E71-C9913C52FBE5}.Debug|x64.Build.0 = Debug|x64
		{2C757C84-32D6-49D7-8E71-C9913C52FBE5}.MinSizeRel|Any CPU.ActiveCfg = MinSizeRel|x64
		{2C757C84-32D6-49D7-8E71-C9913C52FBE5}.MinSizeRel|Mixed Platforms.ActiveCfg = MinSizeRel|x64
		{2C757C84-32D6-49D7-8E71-C9913C52FBE5}.MinSizeRel|Mixed Platforms.Build.0 = MinSizeRel|x64
		{2C757C84-32D6-49D7-8E71-C9913C52FBE5}.MinSizeRel|x64.ActiveCfg = MinSizeRel|x64
		{2C757C84-32D6-49D7-8E71-C9913C52FBE5}.MinSizeRel|x64.Build.0 = MinSizeRel|x64
		{2C757C84-32D6-49D7-8E71-C9913C52FBE5}.Release|Any CPU.ActiveCfg = Release|x64
		{2C757C84-32D6-49D7-8E71-C9913C52FBE5}.Release|Mixed Platforms.ActiveCfg = Release|x64
		{2C757C84-32D6-49D7-8E71-C9913C52FBE5}.Release|Mixed Platforms.Build.0 = Release|x64
		{2C757C84-32D6-49D7-8E71-C9913C52FBE5}.Release|x64.ActiveCfg = Release|x64
		{2C757C84-32D6-49D7-8E71-C9913C52FBE5}.Release|x64.Build.0 = Release|x64
		{2C757C84-32D6-49D7-8E71-C9913C52FBE5}.RelWithDebInfo|Any CPU.ActiveCfg = RelWithDebInfo|x64
		{2C757C84-32D6-49D7-8E71-C9913C52FBE5}.RelWithDebInfo|Mixed Platforms.ActiveCfg = RelWithDebInfo|x64
		{2C757C84-32D6-49D7-8E71-C9913C52FBE5}.RelWithDebInfo|Mixed Platforms.Build.0 = RelWithDebInfo|x64
		{2C757C84-32D6-49D7-8E71-C9913C52FBE5}.RelWithDebInfo|x64.ActiveCfg = RelWithDebInfo|x64
		{2C757C84-32D6-49D7-8E71-C9913C52FBE5}.RelWithDebInfo|x64.Build.0 = RelWithDebInfo|x64
		{E7862FEA-F8E8-4F43-A7D6-A752C9BE1137}.Debug|Any CPU.ActiveCfg = Debug|Any CPU
		{E7862FEA-F8E8-4F43-A7D6-A752C9BE1137}.Debug|Any CPU.Build.0 = Debug|Any CPU
		{E7862FEA-F8E8-4F43-A7D6-A752C9BE1137}.Debug|Mixed Platforms.ActiveCfg = Debug|Any CPU
		{E7862FEA-F8E8-4F43-A7D6-A752C9BE1137}.Debug|Mixed Platforms.Build.0 = Debug|Any CPU
		{E7862FEA-F8E8-4F43-A7D6-A752C9BE1137}.Debug|x64.ActiveCfg = Debug|Any CPU
		{E7862FEA-F8E8-4F43-A7D6-A752C9BE1137}.MinSizeRel|Any CPU.ActiveCfg = Release|Any CPU
		{E7862FEA-F8E8-4F43-A7D6-A752C9BE1137}.MinSizeRel|Any CPU.Build.0 = Release|Any CPU
		{E7862FEA-F8E8-4F43-A7D6-A752C9BE1137}.MinSizeRel|Mixed Platforms.ActiveCfg = Release|Any CPU
		{E7862FEA-F8E8-4F43-A7D6-A752C9BE1137}.MinSizeRel|Mixed Platforms.Build.0 = Release|Any CPU
		{E7862FEA-F8E8-4F43-A7D6-A752C9BE1137}.MinSizeRel|x64.ActiveCfg = Release|Any CPU
		{E7862FEA-F8E8-4F43-A7D6-A752C9BE1137}.Release|Any CPU.ActiveCfg = Release|Any CPU
		{E7862FEA-F8E8-4F43-A7D6-A752C9BE1137}.Release|Any CPU.Build.0 = Release|Any CPU
		{E7862FEA-F8E8-4F43-A7D6-A752C9BE1137}.Release|Mixed Platforms.ActiveCfg = Release|Any CPU
		{E7862FEA-F8E8-4F43-A7D6-A752C9BE1137}.Release|Mixed Platforms.Build.0 = Release|Any CPU
		{E7862FEA-F8E8-4F43-A7D6-A752C9BE1137}.Release|x64.ActiveCfg = Release|Any CPU
		{E7862FEA-F8E8-4F43-A7D6-A752C9BE1137}.RelWithDebInfo|Any CPU.ActiveCfg = Release|Any CPU
		{E7862FEA-F8E8-4F43-A7D6-A752C9BE1137}.RelWithDebInfo|Any CPU.Build.0 = Release|Any CPU
		{E7862FEA-F8E8-4F43-A7D6-A752C9BE1137}.RelWithDebInfo|Mixed Platforms.ActiveCfg = Release|Any CPU
		{E7862FEA-F8E8-4F43-A7D6-A752C9BE1137}.RelWithDebInfo|Mixed Platforms.Build.0 = Release|Any CPU
		{E7862FEA-F8E8-4F43-A7D6-A752C9BE1137}.RelWithDebInfo|x64.ActiveCfg = Release|Any CPU
	EndGlobalSection
	GlobalSection(SolutionProperties) = preSolution
		HideSolutionNode = FALSE
	EndGlobalSection
EndGlobal
